
Microsoft Visual Studio Solution File, Format Version 12.00
# Visual Studio Version 16
VisualStudioVersion = 16.0.30114.105
MinimumVisualStudioVersion = 10.0.40219.1
Project("{8BC9CEB8-8B4A-11D0-8D11-00A0C91BC942}") = "Student RQ", "Student RQ.vcxproj", "{D2119D3C-B991-4E75-9C2E-CA1F97EC56E2}"
EndProject
Global
	GlobalSection(SolutionConfigurationPlatforms) = preSolution
		Debug|x64 = Debug|x64
		Debug|x86 = Debug|x86
		Release|x64 = Release|x64
		Release|x86 = Release|x86
	EndGlobalSection
	GlobalSection(ProjectConfigurationPlatforms) = postSolution
		{D2119D3C-B991-4E75-9C2E-CA1F97EC56E2}.Debug|x64.ActiveCfg = Debug|x64
		{D2119D3C-B991-4E75-9C2E-CA1F97EC56E2}.Debug|x64.Build.0 = Debug|x64
		{D2119D3C-B991-4E75-9C2E-CA1F97EC56E2}.Debug|x86.ActiveCfg = Debug|Win32
		{D2119D3C-B991-4E75-9C2E-CA1F97EC56E2}.Debug|x86.Build.0 = Debug|Win32
		{D2119D3C-B991-4E75-9C2E-CA1F97EC56E2}.Release|x64.ActiveCfg = Release|x64
		{D2119D3C-B991-4E75-9C2E-CA1F97EC56E2}.Release|x64.Build.0 = Release|x64
		{D2119D3C-B991-4E75-9C2E-CA1F97EC56E2}.Release|x86.ActiveCfg = Release|Win32
		{D2119D3C-B991-4E75-9C2E-CA1F97EC56E2}.Release|x86.Build.0 = Release|Win32
	EndGlobalSection
	GlobalSection(SolutionProperties) = preSolution
		HideSolutionNode = FALSE
	EndGlobalSection
	GlobalSection(ExtensibilityGlobals) = postSolution
		SolutionGuid = {660F37BA-B5BA-47D0-95AF-59F781D4AF53}
	EndGlobalSection
EndGlobal
